{
  "name": "mockup",
  "lockfileVersion": 2,
  "requires": true,
  "packages": {
    "": {
      "dependencies": {
        "flag-icons": "^6.2.0"
      }
    },
    "node_modules/flag-icons": {
      "version": "6.2.0",
      "resolved": "https://registry.npmjs.org/flag-icons/-/flag-icons-6.2.0.tgz",
      "integrity": "sha512-cFpV72wTVaRhcU6dzyD3rtCbx+8AtFXHxlidtXMCqssBbuUTmHzc6GlGDb8XfxtMZGx9I/HzsLe6En3RjUWsCw=="
    }
  },
  "dependencies": {
    "flag-icons": {
      "version": "6.2.0",
      "resolved": "https://registry.npmjs.org/flag-icons/-/flag-icons-6.2.0.tgz",
      "integrity": "sha512-cFpV72wTVaRhcU6dzyD3rtCbx+8AtFXHxlidtXMCqssBbuUTmHzc6GlGDb8XfxtMZGx9I/HzsLe6En3RjUWsCw=="
    }
  }
}
